{
  "name": "dashboard-seguros-v4-exportacao",
  "version": "4.0.0",
  "lockfileVersion": 3,
  "requires": true,
  "packages": {
    "": {
      "name": "dashboard-seguros-v4-exportacao",
      "version": "4.0.0",
      "dependencies": {"html2canvas": "1.4.1"},
      "engines": {"node": "20.x"}
    }
  }
}
